
Microsoft Visual Studio Solution File, Format Version 12.00
# Visual Studio Version 17
VisualStudioVersion = 17.14.36109.1
MinimumVisualStudioVersion = 10.0.40219.1
Project("{FAE04EC0-301F-11D3-BF4B-00C04F79EFBC}") = "Single Responsibility Principle Demo", "Single Responsibility Principle Demo\Single Responsibility Principle Demo.csproj", "{78F8DFA3-91B5-460F-8FEC-34656D44F260}"
EndProject
Project("{FAE04EC0-301F-11D3-BF4B-00C04F79EFBC}") = "Open_Closed Principle Demo", "Open_Closed Principle Demo\Open_Closed Principle Demo.csproj", "{FF130468-8989-43C6-830E-A4FE80D709AB}"
EndProject
Project("{FAE04EC0-301F-11D3-BF4B-00C04F79EFBC}") = "Interface Segregation Principle Demo", "Interface Segregation Principle Demo\Interface Segregation Principle Demo.csproj", "{E3FE7CB8-42C4-42E8-8062-90ECF9BD6C9D}"
EndProject
Project("{FAE04EC0-301F-11D3-BF4B-00C04F79EFBC}") = "LiskovSubstitutionPrinciple", "LiskovSubstitutionPrinciple\LiskovSubstitutionPrinciple.csproj", "{BB7BDC37-3AF7-402C-B4A7-61131262C489}"
EndProject
Project("{FAE04EC0-301F-11D3-BF4B-00C04F79EFBC}") = "IoC Pattern Demo", "IoC Pattern Demo\IoC Pattern Demo.csproj", "{A2CE548E-B873-4B6C-89AC-DF1D16530A49}"
EndProject
Global
	GlobalSection(SolutionConfigurationPlatforms) = preSolution
		Debug|Any CPU = Debug|Any CPU
		Release|Any CPU = Release|Any CPU
	EndGlobalSection
	GlobalSection(ProjectConfigurationPlatforms) = postSolution
		{78F8DFA3-91B5-460F-8FEC-34656D44F260}.Debug|Any CPU.ActiveCfg = Debug|Any CPU
		{78F8DFA3-91B5-460F-8FEC-34656D44F260}.Debug|Any CPU.Build.0 = Debug|Any CPU
		{78F8DFA3-91B5-460F-8FEC-34656D44F260}.Release|Any CPU.ActiveCfg = Release|Any CPU
		{78F8DFA3-91B5-460F-8FEC-34656D44F260}.Release|Any CPU.Build.0 = Release|Any CPU
		{FF130468-8989-43C6-830E-A4FE80D709AB}.Debug|Any CPU.ActiveCfg = Debug|Any CPU
		{FF130468-8989-43C6-830E-A4FE80D709AB}.Debug|Any CPU.Build.0 = Debug|Any CPU
		{FF130468-8989-43C6-830E-A4FE80D709AB}.Release|Any CPU.ActiveCfg = Release|Any CPU
		{FF130468-8989-43C6-830E-A4FE80D709AB}.Release|Any CPU.Build.0 = Release|Any CPU
		{E3FE7CB8-42C4-42E8-8062-90ECF9BD6C9D}.Debug|Any CPU.ActiveCfg = Debug|Any CPU
		{E3FE7CB8-42C4-42E8-8062-90ECF9BD6C9D}.Debug|Any CPU.Build.0 = Debug|Any CPU
		{E3FE7CB8-42C4-42E8-8062-90ECF9BD6C9D}.Release|Any CPU.ActiveCfg = Release|Any CPU
		{E3FE7CB8-42C4-42E8-8062-90ECF9BD6C9D}.Release|Any CPU.Build.0 = Release|Any CPU
		{BB7BDC37-3AF7-402C-B4A7-61131262C489}.Debug|Any CPU.ActiveCfg = Debug|Any CPU
		{BB7BDC37-3AF7-402C-B4A7-61131262C489}.Debug|Any CPU.Build.0 = Debug|Any CPU
		{BB7BDC37-3AF7-402C-B4A7-61131262C489}.Release|Any CPU.ActiveCfg = Release|Any CPU
		{BB7BDC37-3AF7-402C-B4A7-61131262C489}.Release|Any CPU.Build.0 = Release|Any CPU
		{A2CE548E-B873-4B6C-89AC-DF1D16530A49}.Debug|Any CPU.ActiveCfg = Debug|Any CPU
		{A2CE548E-B873-4B6C-89AC-DF1D16530A49}.Debug|Any CPU.Build.0 = Debug|Any CPU
		{A2CE548E-B873-4B6C-89AC-DF1D16530A49}.Release|Any CPU.ActiveCfg = Release|Any CPU
		{A2CE548E-B873-4B6C-89AC-DF1D16530A49}.Release|Any CPU.Build.0 = Release|Any CPU
	EndGlobalSection
	GlobalSection(SolutionProperties) = preSolution
		HideSolutionNode = FALSE
	EndGlobalSection
	GlobalSection(ExtensibilityGlobals) = postSolution
		SolutionGuid = {94A3F5B9-1A00-4FEC-9CA1-4E7438246AD0}
	EndGlobalSection
EndGlobal
